
Microsoft Visual Studio Solution File, Format Version 12.00
# Visual Studio Version 16
VisualStudioVersion = 16.0.30523.141
MinimumVisualStudioVersion = 10.0.40219.1
Project("{8BC9CEB8-8B4A-11D0-8D11-00A0C91BC942}") = "zadanie6", "zadanie6\zadanie6.vcxproj", "{23508D79-633E-42F5-8BD4-EF7971985834}"
EndProject
Global
	GlobalSection(SolutionConfigurationPlatforms) = preSolution
		Debug|x64 = Debug|x64
		Debug|x86 = Debug|x86
		Release|x64 = Release|x64
		Release|x86 = Release|x86
	EndGlobalSection
	GlobalSection(ProjectConfigurationPlatforms) = postSolution
		{23508D79-633E-42F5-8BD4-EF7971985834}.Debug|x64.ActiveCfg = Debug|x64
		{23508D79-633E-42F5-8BD4-EF7971985834}.Debug|x64.Build.0 = Debug|x64
		{23508D79-633E-42F5-8BD4-EF7971985834}.Debug|x86.ActiveCfg = Debug|Win32
		{23508D79-633E-42F5-8BD4-EF7971985834}.Debug|x86.Build.0 = Debug|Win32
		{23508D79-633E-42F5-8BD4-EF7971985834}.Release|x64.ActiveCfg = Release|x64
		{23508D79-633E-42F5-8BD4-EF7971985834}.Release|x64.Build.0 = Release|x64
		{23508D79-633E-42F5-8BD4-EF7971985834}.Release|x86.ActiveCfg = Release|Win32
		{23508D79-633E-42F5-8BD4-EF7971985834}.Release|x86.Build.0 = Release|Win32
	EndGlobalSection
	GlobalSection(SolutionProperties) = preSolution
		HideSolutionNode = FALSE
	EndGlobalSection
	GlobalSection(ExtensibilityGlobals) = postSolution
		SolutionGuid = {1C80377C-7F85-4878-A289-324B01F03740}
	EndGlobalSection
EndGlobal
